
Microsoft Visual Studio Solution File, Format Version 12.00
# Visual Studio Version 16
VisualStudioVersion = 16.0.28803.202
MinimumVisualStudioVersion = 10.0.40219.1
Project("{FAE04EC0-301F-11D3-BF4B-00C04F79EFBC}") = "ConsoleApplication", "ConsoleApplication\ConsoleApplication.csproj", "{9AD46BA4-A91B-4467-AF38-F92733AA97E8}"
EndProject
Global
	GlobalSection(SolutionConfigurationPlatforms) = preSolution
		Debug|Any CPU = Debug|Any CPU
		Release|Any CPU = Release|Any CPU
	EndGlobalSection
	GlobalSection(ProjectConfigurationPlatforms) = postSolution
		{9AD46BA4-A91B-4467-AF38-F92733AA97E8}.Debug|Any CPU.ActiveCfg = Debug|Any CPU
		{9AD46BA4-A91B-4467-AF38-F92733AA97E8}.Debug|Any CPU.Build.0 = Debug|Any CPU
		{9AD46BA4-A91B-4467-AF38-F92733AA97E8}.Release|Any CPU.ActiveCfg = Release|Any CPU
		{9AD46BA4-A91B-4467-AF38-F92733AA97E8}.Release|Any CPU.Build.0 = Release|Any CPU
	EndGlobalSection
	GlobalSection(SolutionProperties) = preSolution
		HideSolutionNode = FALSE
	EndGlobalSection
	GlobalSection(ExtensibilityGlobals) = postSolution
		SolutionGuid = {FE823217-CC75-4C13-BB5E-F2DB0A7AB1D6}
	EndGlobalSection
EndGlobal
